// !$*UTF8*$!
{
	archiveVersion = 1;
	classes = {
	};
	objectVersion = 48;
	objects = {

/* Begin PBXBuildFile section */
		441955B51F153C5900F1F39B /* AppDelegate.swift in Sources */ = {isa = PBXBuildFile; fileRef = 441955B41F153C5900F1F39B /* AppDelegate.swift */; };
		441955B71F153C5900F1F39B /* ActualViewController.swift in Sources */ = {isa = PBXBuildFile; fileRef = 441955B61F153C5900F1F39B /* ActualViewController.swift */; };
		441955BC1F153C5900F1F39B /* Assets.xcassets in Resources */ = {isa = PBXBuildFile; fileRef = 441955BB1F153C5900F1F39B /* Assets.xcassets */; };
		441955BF1F153C5900F1F39B /* LaunchScreen.storyboard in Resources */ = {isa = PBXBuildFile; fileRef = 441955BD1F153C5900F1F39B /* LaunchScreen.storyboard */; };
		442AEDAC1F200C0A0090E37B /* ExpectedViewController.swift in Sources */ = {isa = PBXBuildFile; fileRef = 442AEDAB1F200C0A0090E37B /* ExpectedViewController.swift */; };
/* End PBXBuildFile section */

/* Begin PBXFileReference section */
		441955B11F153C5900F1F39B /* ExtraTableViewInset.app */ = {isa = PBXFileReference; explicitFileType = wrapper.application; includeInIndex = 0; path = ExtraTableViewInset.app; sourceTree = BUILT_PRODUCTS_DIR; };
		441955B41F153C5900F1F39B /* AppDelegate.swift */ = {isa = PBXFileReference; lastKnownFileType = sourcecode.swift; path = AppDelegate.swift; sourceTree = "<group>"; };
		441955B61F153C5900F1F39B /* ActualViewController.swift */ = {isa = PBXFileReference; lastKnownFileType = sourcecode.swift; path = ActualViewController.swift; sourceTree = "<group>"; };
		441955BB1F153C5900F1F39B /* Assets.xcassets */ = {isa = PBXFileReference; lastKnownFileType = folder.assetcatalog; path = Assets.xcassets; sourceTree = "<group>"; };
		441955BE1F153C5900F1F39B /* Base */ = {isa = PBXFileReference; lastKnownFileType = file.storyboard; name = Base; path = Base.lproj/LaunchScreen.storyboard; sourceTree = "<group>"; };
		441955C01F153C5900F1F39B /* Info.plist */ = {isa = PBXFileReference; lastKnownFileType = text.plist.xml; path = Info.plist; sourceTree = "<group>"; };
		442AEDAB1F200C0A0090E37B /* ExpectedViewController.swift */ = {isa = PBXFileReference; lastKnownFileType = sourcecode.swift; path = ExpectedViewController.swift; sourceTree = "<group>"; };
/* End PBXFileReference section */

/* Begin PBXFrameworksBuildPhase section */
		441955AE1F153C5900F1F39B /* Frameworks */ = {
			isa = PBXFrameworksBuildPhase;
			buildActionMask = 2147483647;
			files = (
			);
			runOnlyForDeploymentPostprocessing = 0;
		};
/* End PBXFrameworksBuildPhase section */

/* Begin PBXGroup section */
		441955A81F153C5900F1F39B = {
			isa = PBXGroup;
			children = (
				441955B31F153C5900F1F39B /* ExtraTableViewInset */,
				441955B21F153C5900F1F39B /* Products */,
			);
			sourceTree = "<group>";
		};
		441955B21F153C5900F1F39B /* Products */ = {
			isa = PBXGroup;
			children = (
				441955B11F153C5900F1F39B /* ExtraTableViewInset.app */,
			);
			name = Products;
			sourceTree = "<group>";
		};
		441955B31F153C5900F1F39B /* ExtraTableViewInset */ = {
			isa = PBXGroup;
			children = (
				441955B41F153C5900F1F39B /* AppDelegate.swift */,
				442AEDAB1F200C0A0090E37B /* ExpectedViewController.swift */,
				441955B61F153C5900F1F39B /* ActualViewController.swift */,
				441955BB1F153C5900F1F39B /* Assets.xcassets */,
				441955BD1F153C5900F1F39B /* LaunchScreen.storyboard */,
				441955C01F153C5900F1F39B /* Info.plist */,
			);
			path = ExtraTableViewInset;
			sourceTree = "<group>";
		};
/* End PBXGroup section */

/* Begin PBXNativeTarget section */
		441955B01F153C5900F1F39B /* ExtraTableViewInset */ = {
			isa = PBXNativeTarget;
			buildConfigurationList = 441955C31F153C5900F1F39B /* Build configuration list for PBXNativeTarget "ExtraTableViewInset" */;
			buildPhases = (
				441955AD1F153C5900F1F39B /* Sources */,
				441955AE1F153C5900F1F39B /* Frameworks */,
				441955AF1F153C5900F1F39B /* Resources */,
			);
			buildRules = (
			);
			dependencies = (
			);
			name = ExtraTableViewInset;
			productName = ExtraTableViewInset;
			productReference = 441955B11F153C5900F1F39B /* ExtraTableViewInset.app */;
			productType = "com.apple.product-type.application";
		};
/* End PBXNativeTarget section */

/* Begin PBXProject section */
		441955A91F153C5900F1F39B /* Project object */ = {
			isa = PBXProject;
			attributes = {
				LastSwiftUpdateCheck = 0900;
				LastUpgradeCheck = 0900;
				ORGANIZATIONNAME = "Craig Siemens";
				TargetAttributes = {
					441955B01F153C5900F1F39B = {
						CreatedOnToolsVersion = 9.0;
					};
				};
			};
			buildConfigurationList = 441955AC1F153C5900F1F39B /* Build configuration list for PBXProject "ExtraTableViewInset" */;
			compatibilityVersion = "Xcode 8.0";
			developmentRegion = en;
			hasScannedForEncodings = 0;
			knownRegions = (
				en,
				Base,
			);
			mainGroup = 441955A81F153C5900F1F39B;
			productRefGroup = 441955B21F153C5900F1F39B /* Products */;
			projectDirPath = "";
			projectRoot = "";
			targets = (
				441955B01F153C5900F1F39B /* ExtraTableViewInset */,
			);
		};
/* End PBXProject section */

/* Begin PBXResourcesBuildPhase section */
		441955AF1F153C5900F1F39B /* Resources */ = {
			isa = PBXResourcesBuildPhase;
			buildActionMask = 2147483647;
			files = (
				441955BF1F153C5900F1F39B /* LaunchScreen.storyboard in Resources */,
				441955BC1F153C5900F1F39B /* Assets.xcassets in Resources */,
			);
			runOnlyForDeploymentPostprocessing = 0;
		};
/* End PBXResourcesBuildPhase section */

/* Begin PBXSourcesBuildPhase section */
		441955AD1F153C5900F1F39B /* Sources */ = {
			isa = PBXSourcesBuildPhase;
			buildActionMask = 2147483647;
			files = (
				441955B71F153C5900F1F39B /* ActualViewController.swift in Sources */,
				441955B51F153C5900F1F39B /* AppDelegate.swift in Sources */,
				442AEDAC1F200C0A0090E37B /* ExpectedViewController.swift in Sources */,
			);
			runOnlyForDeploymentPostprocessing = 0;
		};
/* End PBXSourcesBuildPhase section */

/* Begin PBXVariantGroup section */
		441955BD1F153C5900F1F39B /* LaunchScreen.storyboard */ = {
			isa = PBXVariantGroup;
			children = (
				441955BE1F153C5900F1F39B /* Base */,
			);
			name = LaunchScreen.storyboard;
			sourceTree = "<group>";
		};
/* End PBXVariantGroup section */

/* Begin XCBuildConfiguration section */
		441955C11F153C5900F1F39B /* Debug */ = {
			isa = XCBuildConfiguration;
			buildSettings = {
				ALWAYS_SEARCH_USER_PATHS = NO;
				CLANG_ANALYZER_NONNULL = YES;
				CLANG_ANALYZER_NUMBER_OBJECT_CONVERSION = YES_AGGRESSIVE;
				CLANG_CXX_LANGUAGE_STANDARD = "gnu++14";
				CLANG_CXX_LIBRARY = "libc++";
				CLANG_ENABLE_MODULES = YES;
				CLANG_ENABLE_OBJC_ARC = YES;
				CLANG_WARN_BLOCK_CAPTURE_AUTORELEASING = YES;
				CLANG_WARN_BOOL_CONVERSION = YES;
				CLANG_WARN_COMMA = YES;
				CLANG_WARN_CONSTANT_CONVERSION = YES;
				CLANG_WARN_DIRECT_OBJC_ISA_USAGE = YES_ERROR;
				CLANG_WARN_DOCUMENTATION_COMMENTS = YES;
				CLANG_WARN_EMPTY_BODY = YES;
				CLANG_WARN_ENUM_CONVERSION = YES;
				CLANG_WARN_INFINITE_RECURSION = YES;
				CLANG_WARN_INT_CONVERSION = YES;
				CLANG_WARN_NON_LITERAL_NULL_CONVERSION = YES;
				CLANG_WARN_OBJC_LITERAL_CONVERSION = YES;
				CLANG_WARN_OBJC_ROOT_CLASS = YES_ERROR;
				CLANG_WARN_RANGE_LOOP_ANALYSIS = YES;
				CLANG_WARN_STRICT_PROTOTYPES = YES;
				CLANG_WARN_SUSPICIOUS_MOVE = YES;
				CLANG_WARN_UNGUARDED_AVAILABILITY = YES_AGGRESSIVE;
				CLANG_WARN_UNREACHABLE_CODE = YES;
				CLANG_WARN__DUPLICATE_METHOD_MATCH = YES;
				CODE_SIGN_IDENTITY = "iPhone Developer";
				COPY_PHASE_STRIP = NO;
				DEBUG_INFORMATION_FORMAT = dwarf;
				ENABLE_STRICT_OBJC_MSGSEND = YES;
				ENABLE_TESTABILITY = YES;
				GCC_C_LANGUAGE_STANDARD = gnu11;
				GCC_DYNAMIC_NO_PIC = NO;
				GCC_NO_COMMON_BLOCKS = YES;
				GCC_OPTIMIZATION_LEVEL = 0;
				GCC_PREPROCESSOR_DEFINITIONS = (
					"DEBUG=1",
					"$(inherited)",
				);
				GCC_WARN_64_TO_32_BIT_CONVERSION = YES;
				GCC_WARN_ABOUT_RETURN_TYPE = YES_ERROR;
				GCC_WARN_UNDECLARED_SELECTOR = YES;
				GCC_WARN_UNINITIALIZED_AUTOS = YES_AGGRESSIVE;
				GCC_WARN_UNUSED_FUNCTION = YES;
				GCC_WARN_UNUSED_VARIABLE = YES;
				IPHONEOS_DEPLOYMENT_TARGET = 11.0;
				MTL_ENABLE_DEBUG_INFO = YES;
				ONLY_ACTIVE_ARCH = YES;
				SDKROOT = iphoneos;
				SWIFT_ACTIVE_COMPILATION_CONDITIONS = DEBUG;
				SWIFT_OPTIMIZATION_LEVEL = "-Onone";
			};
			name = Debug;
		};
		441955C21F153C5900F1F39B /* Release */ = {
			isa = XCBuildConfiguration;
			buildSettings = {
				ALWAYS_SEARCH_USER_PATHS = NO;
				CLANG_ANALYZER_NONNULL = YES;
				CLANG_ANALYZER_NUMBER_OBJECT_CONVERSION = YES_AGGRESSIVE;
				CLANG_CXX_LANGUAGE_STANDARD = "gnu++14";
				CLANG_CXX_LIBRARY = "libc++";
				CLANG_ENABLE_MODULES = YES;
				CLANG_ENABLE_OBJC_ARC = YES;
				CLANG_WARN_BLOCK_CAPTURE_AUTORELEASING = YES;
				CLANG_WARN_BOOL_CONVERSION = YES;
				CLANG_WARN_COMMA = YES;
				CLANG_WARN_CONSTANT_CONVERSION = YES;
				CLANG_WARN_DIRECT_OBJC_ISA_USAGE = YES_ERROR;
				CLANG_WARN_DOCUMENTATION_COMMENTS = YES;
				CLANG_WARN_EMPTY_BODY = YES;
				CLANG_WARN_ENUM_CONVERSION = YES;
				CLANG_WARN_INFINITE_RECURSION = YES;
				CLANG_WARN_INT_CONVERSION = YES;
				CLANG_WARN_NON_LITERAL_NULL_CONVERSION = YES;
				CLANG_WARN_OBJC_LITERAL_CONVERSION = YES;
				CLANG_WARN_OBJC_ROOT_CLASS = YES_ERROR;
				CLANG_WARN_RANGE_LOOP_ANALYSIS = YES;
				CLANG_WARN_STRICT_PROTOTYPES = YES;
				CLANG_WARN_SUSPICIOUS_MOVE = YES;
				CLANG_WARN_UNGUARDED_AVAILABILITY = YES_AGGRESSIVE;
				CLANG_WARN_UNREACHABLE_CODE = YES;
				CLANG_WARN__DUPLICATE_METHOD_MATCH = YES;
				CODE_SIGN_IDENTITY = "iPhone Developer";
				COPY_PHASE_STRIP = NO;
				DEBUG_INFORMATION_FORMAT = "dwarf-with-dsym";
				ENABLE_NS_ASSERTIONS = NO;
				ENABLE_STRICT_OBJC_MSGSEND = YES;
				GCC_C_LANGUAGE_STANDARD = gnu11;
				GCC_NO_COMMON_BLOCKS = YES;
				GCC_WARN_64_TO_32_BIT_CONVERSION = YES;
				GCC_WARN_ABOUT_RETURN_TYPE = YES_ERROR;
				GCC_WARN_UNDECLARED_SELECTOR = YES;
				GCC_WARN_UNINITIALIZED_AUTOS = YES_AGGRESSIVE;
				GCC_WARN_UNUSED_FUNCTION = YES;
				GCC_WARN_UNUSED_VARIABLE = YES;
				IPHONEOS_DEPLOYMENT_TARGET = 11.0;
				MTL_ENABLE_DEBUG_INFO = NO;
				SDKROOT = iphoneos;
				SWIFT_OPTIMIZATION_LEVEL = "-Owholemodule";
				VALIDATE_PRODUCT = YES;
			};
			name = Release;
		};
		441955C41F153C5900F1F39B /* Debug */ = {
			isa = XCBuildConfiguration;
			buildSettings = {
				ASSETCATALOG_COMPILER_APPICON_NAME = AppIcon;
				INFOPLIST_FILE = ExtraTableViewInset/Info.plist;
				LD_RUNPATH_SEARCH_PATHS = "$(inherited) @executable_path/Frameworks";
				PRODUCT_BUNDLE_IDENTIFIER = com.craigsiemens.ExtraTableViewInset;
				PRODUCT_NAME = "$(TARGET_NAME)";
				SWIFT_VERSION = 4.0;
				TARGETED_DEVICE_FAMILY = "1,2";
			};
			name = Debug;
		};
		441955C51F153C5900F1F39B /* Release */ = {
			isa = XCBuildConfiguration;
			buildSettings = {
				ASSETCATALOG_COMPILER_APPICON_NAME = AppIcon;
				INFOPLIST_FILE = ExtraTableViewInset/Info.plist;
				LD_RUNPATH_SEARCH_PATHS = "$(inherited) @executable_path/Frameworks";
				PRODUCT_BUNDLE_IDENTIFIER = com.craigsiemens.ExtraTableViewInset;
				PRODUCT_NAME = "$(TARGET_NAME)";
				SWIFT_VERSION = 4.0;
				TARGETED_DEVICE_FAMILY = "1,2";
			};
			name = Release;
		};
/* End XCBuildConfiguration section */

/* Begin XCConfigurationList section */
		441955AC1F153C5900F1F39B /* Build configuration list for PBXProject "ExtraTableViewInset" */ = {
			isa = XCConfigurationList;
			buildConfigurations = (
				441955C11F153C5900F1F39B /* Debug */,
				441955C21F153C5900F1F39B /* Release */,
			);
			defaultConfigurationIsVisible = 0;
			defaultConfigurationName = Release;
		};
		441955C31F153C5900F1F39B /* Build configuration list for PBXNativeTarget "ExtraTableViewInset" */ = {
			isa = XCConfigurationList;
			buildConfigurations = (
				441955C41F153C5900F1F39B /* Debug */,
				441955C51F153C5900F1F39B /* Release */,
			);
			defaultConfigurationIsVisible = 0;
			defaultConfigurationName = Release;
		};
/* End XCConfigurationList section */
	};
	rootObject = 441955A91F153C5900F1F39B /* Project object */;
}
